
Microsoft Visual Studio Solution File, Format Version 12.00
# Visual Studio Version 16
VisualStudioVersion = 16.0.29009.5
MinimumVisualStudioVersion = 10.0.40219.1
Project("{FAE04EC0-301F-11D3-BF4B-00C04F79EFBC}") = "MyInstagramApi", "MyInstagramApi.csproj", "{61B80B4E-1938-46CE-824C-63866B18CA61}"
EndProject
Global
	GlobalSection(SolutionConfigurationPlatforms) = preSolution
		Debug|Any CPU = Debug|Any CPU
		Release|Any CPU = Release|Any CPU
	EndGlobalSection
	GlobalSection(ProjectConfigurationPlatforms) = postSolution
		{61B80B4E-1938-46CE-824C-63866B18CA61}.Debug|Any CPU.ActiveCfg = Debug|Any CPU
		{61B80B4E-1938-46CE-824C-63866B18CA61}.Debug|Any CPU.Build.0 = Debug|Any CPU
		{61B80B4E-1938-46CE-824C-63866B18CA61}.Release|Any CPU.ActiveCfg = Release|Any CPU
		{61B80B4E-1938-46CE-824C-63866B18CA61}.Release|Any CPU.Build.0 = Release|Any CPU
	EndGlobalSection
	GlobalSection(SolutionProperties) = preSolution
		HideSolutionNode = FALSE
	EndGlobalSection
	GlobalSection(ExtensibilityGlobals) = postSolution
		SolutionGuid = {66B381F3-5C79-441F-A7B1-E436692A5549}
	EndGlobalSection
EndGlobal
